
Microsoft Visual Studio Solution File, Format Version 12.00
# Visual Studio Version 17
VisualStudioVersion = 17.0.31903.59
MinimumVisualStudioVersion = 10.0.40219.1
Project("{2150E333-8FDC-42A3-9474-1A3956D46DE8}") = "src", "src", "{69FE3E1F-0BEB-41FE-9221-6B5BC8FF0891}"
EndProject
Project("{2150E333-8FDC-42A3-9474-1A3956D46DE8}") = "COD.WrapperBuilder", "COD.WrapperBuilder", "{CF11E6E7-EB94-4965-B3B1-E4C23BBF6236}"
EndProject
Project("{2150E333-8FDC-42A3-9474-1A3956D46DE8}") = "src", "src", "{55A00E15-ECAA-4009-A2EC-EED95B06916A}"
EndProject
Project("{FAE04EC0-301F-11D3-BF4B-00C04F79EFBC}") = "WrapperBuilder", "src\COD.WrapperBuilder\src\WrapperBuilder\WrapperBuilder.csproj", "{1DAD765B-A327-44CA-BC39-0DFF5015E6C7}"
EndProject
Global
	GlobalSection(SolutionConfigurationPlatforms) = preSolution
		Debug|Any CPU = Debug|Any CPU
		Release|Any CPU = Release|Any CPU
	EndGlobalSection
	GlobalSection(SolutionProperties) = preSolution
		HideSolutionNode = FALSE
	EndGlobalSection
	GlobalSection(ProjectConfigurationPlatforms) = postSolution
		{1DAD765B-A327-44CA-BC39-0DFF5015E6C7}.Debug|Any CPU.ActiveCfg = Debug|Any CPU
		{1DAD765B-A327-44CA-BC39-0DFF5015E6C7}.Debug|Any CPU.Build.0 = Debug|Any CPU
		{1DAD765B-A327-44CA-BC39-0DFF5015E6C7}.Release|Any CPU.ActiveCfg = Release|Any CPU
		{1DAD765B-A327-44CA-BC39-0DFF5015E6C7}.Release|Any CPU.Build.0 = Release|Any CPU
	EndGlobalSection
	GlobalSection(NestedProjects) = preSolution
		{CF11E6E7-EB94-4965-B3B1-E4C23BBF6236} = {69FE3E1F-0BEB-41FE-9221-6B5BC8FF0891}
		{55A00E15-ECAA-4009-A2EC-EED95B06916A} = {CF11E6E7-EB94-4965-B3B1-E4C23BBF6236}
		{1DAD765B-A327-44CA-BC39-0DFF5015E6C7} = {55A00E15-ECAA-4009-A2EC-EED95B06916A}
	EndGlobalSection
EndGlobal
